
Microsoft Visual Studio Solution File, Format Version 12.00
# Visual Studio Version 16
VisualStudioVersion = 16.0.31410.357
MinimumVisualStudioVersion = 10.0.40219.1
Project("{9A19103F-16F7-4668-BE54-9A1E7A4F7556}") = "APIGateway", "APIGateway\APIGateway.csproj", "{FC2D9294-FC8E-42CD-9BDC-7E6D1DDE17C0}"
EndProject
Project("{2150E333-8FDC-42A3-9474-1A3956D46DE8}") = "Services", "Services", "{DEB960A9-4299-40C3-8E07-DF1B4A3BE98D}"
EndProject
Project("{9A19103F-16F7-4668-BE54-9A1E7A4F7556}") = "Contact.API", "Services\ContactAPI\ContactAPI\Contact.API.csproj", "{D4A06F19-E21A-4B48-87E8-D19E80D42493}"
EndProject
Project("{9A19103F-16F7-4668-BE54-9A1E7A4F7556}") = "Reservation.API", "Services\ResAPI\Reservation.API\Reservation.API.csproj", "{7D4B10D1-39B7-4891-96F2-D5CAEA99D91C}"
EndProject
Project("{2150E333-8FDC-42A3-9474-1A3956D46DE8}") = "ContactAPI", "ContactAPI", "{3A0957FD-35F9-4954-AC7F-2D421AE6D5E6}"
EndProject
Project("{2150E333-8FDC-42A3-9474-1A3956D46DE8}") = "ReservationAPI", "ReservationAPI", "{615E261F-81F3-4C27-92DE-723057DD8EA5}"
EndProject
Project("{9A19103F-16F7-4668-BE54-9A1E7A4F7556}") = "Contact.API.Infrastructure", "Services\ContactAPI\Contact.API.Infrastructure\Contact.API.Infrastructure.csproj", "{D343662E-1C54-4A0C-B074-D66818E9C343}"
EndProject
Project("{9A19103F-16F7-4668-BE54-9A1E7A4F7556}") = "Contact.API.Models", "Services\ContactAPI\Contact.API.Models\Contact.API.Models.csproj", "{E1A9497E-5D30-4A8F-8473-CCE1D647DC6D}"
EndProject
Project("{9A19103F-16F7-4668-BE54-9A1E7A4F7556}") = "Contact.API.Services", "Services\ContactAPI\Contact.API.Services\Contact.API.Services.csproj", "{76296A3D-88F8-4EF5-BB2A-59FE93A8104C}"
EndProject
Project("{FAE04EC0-301F-11D3-BF4B-00C04F79EFBC}") = "Reservation.API.Infrastructure", "Services\ResAPI\Reservation.API.Infrastructure\Reservation.API.Infrastructure.csproj", "{7F7F02C8-982E-4E99-96E0-00BF14CBCCDC}"
EndProject
Project("{FAE04EC0-301F-11D3-BF4B-00C04F79EFBC}") = "Reservation.API.Services", "Services\ResAPI\Reservation.API.Services\Reservation.API.Services.csproj", "{4D2E03A6-22F2-4448-A72E-BDB5A8005CFB}"
EndProject
Project("{FAE04EC0-301F-11D3-BF4B-00C04F79EFBC}") = "Reservation.API.Models", "Services\ResAPI\Reservation.API.Models\Reservation.API.Models.csproj", "{F4E70431-960B-4EC1-8C8A-46F43AA1CA96}"
EndProject
Global
	GlobalSection(SolutionConfigurationPlatforms) = preSolution
		Debug|Any CPU = Debug|Any CPU
		Release|Any CPU = Release|Any CPU
	EndGlobalSection
	GlobalSection(ProjectConfigurationPlatforms) = postSolution
		{FC2D9294-FC8E-42CD-9BDC-7E6D1DDE17C0}.Debug|Any CPU.ActiveCfg = Debug|Any CPU
		{FC2D9294-FC8E-42CD-9BDC-7E6D1DDE17C0}.Debug|Any CPU.Build.0 = Debug|Any CPU
		{FC2D9294-FC8E-42CD-9BDC-7E6D1DDE17C0}.Release|Any CPU.ActiveCfg = Release|Any CPU
		{FC2D9294-FC8E-42CD-9BDC-7E6D1DDE17C0}.Release|Any CPU.Build.0 = Release|Any CPU
		{D4A06F19-E21A-4B48-87E8-D19E80D42493}.Debug|Any CPU.ActiveCfg = Debug|Any CPU
		{D4A06F19-E21A-4B48-87E8-D19E80D42493}.Debug|Any CPU.Build.0 = Debug|Any CPU
		{D4A06F19-E21A-4B48-87E8-D19E80D42493}.Release|Any CPU.ActiveCfg = Release|Any CPU
		{D4A06F19-E21A-4B48-87E8-D19E80D42493}.Release|Any CPU.Build.0 = Release|Any CPU
		{7D4B10D1-39B7-4891-96F2-D5CAEA99D91C}.Debug|Any CPU.ActiveCfg = Debug|Any CPU
		{7D4B10D1-39B7-4891-96F2-D5CAEA99D91C}.Debug|Any CPU.Build.0 = Debug|Any CPU
		{7D4B10D1-39B7-4891-96F2-D5CAEA99D91C}.Release|Any CPU.ActiveCfg = Release|Any CPU
		{7D4B10D1-39B7-4891-96F2-D5CAEA99D91C}.Release|Any CPU.Build.0 = Release|Any CPU
		{D343662E-1C54-4A0C-B074-D66818E9C343}.Debug|Any CPU.ActiveCfg = Debug|Any CPU
		{D343662E-1C54-4A0C-B074-D66818E9C343}.Debug|Any CPU.Build.0 = Debug|Any CPU
		{D343662E-1C54-4A0C-B074-D66818E9C343}.Release|Any CPU.ActiveCfg = Release|Any CPU
		{D343662E-1C54-4A0C-B074-D66818E9C343}.Release|Any CPU.Build.0 = Release|Any CPU
		{E1A9497E-5D30-4A8F-8473-CCE1D647DC6D}.Debug|Any CPU.ActiveCfg = Debug|Any CPU
		{E1A9497E-5D30-4A8F-8473-CCE1D647DC6D}.Debug|Any CPU.Build.0 = Debug|Any CPU
		{E1A9497E-5D30-4A8F-8473-CCE1D647DC6D}.Release|Any CPU.ActiveCfg = Release|Any CPU
		{E1A9497E-5D30-4A8F-8473-CCE1D647DC6D}.Release|Any CPU.Build.0 = Release|Any CPU
		{76296A3D-88F8-4EF5-BB2A-59FE93A8104C}.Debug|Any CPU.ActiveCfg = Debug|Any CPU
		{76296A3D-88F8-4EF5-BB2A-59FE93A8104C}.Debug|Any CPU.Build.0 = Debug|Any CPU
		{76296A3D-88F8-4EF5-BB2A-59FE93A8104C}.Release|Any CPU.ActiveCfg = Release|Any CPU
		{76296A3D-88F8-4EF5-BB2A-59FE93A8104C}.Release|Any CPU.Build.0 = Release|Any CPU
		{7F7F02C8-982E-4E99-96E0-00BF14CBCCDC}.Debug|Any CPU.ActiveCfg = Debug|Any CPU
		{7F7F02C8-982E-4E99-96E0-00BF14CBCCDC}.Debug|Any CPU.Build.0 = Debug|Any CPU
		{7F7F02C8-982E-4E99-96E0-00BF14CBCCDC}.Release|Any CPU.ActiveCfg = Release|Any CPU
		{7F7F02C8-982E-4E99-96E0-00BF14CBCCDC}.Release|Any CPU.Build.0 = Release|Any CPU
		{4D2E03A6-22F2-4448-A72E-BDB5A8005CFB}.Debug|Any CPU.ActiveCfg = Debug|Any CPU
		{4D2E03A6-22F2-4448-A72E-BDB5A8005CFB}.Debug|Any CPU.Build.0 = Debug|Any CPU
		{4D2E03A6-22F2-4448-A72E-BDB5A8005CFB}.Release|Any CPU.ActiveCfg = Release|Any CPU
		{4D2E03A6-22F2-4448-A72E-BDB5A8005CFB}.Release|Any CPU.Build.0 = Release|Any CPU
		{F4E70431-960B-4EC1-8C8A-46F43AA1CA96}.Debug|Any CPU.ActiveCfg = Debug|Any CPU
		{F4E70431-960B-4EC1-8C8A-46F43AA1CA96}.Debug|Any CPU.Build.0 = Debug|Any CPU
		{F4E70431-960B-4EC1-8C8A-46F43AA1CA96}.Release|Any CPU.ActiveCfg = Release|Any CPU
		{F4E70431-960B-4EC1-8C8A-46F43AA1CA96}.Release|Any CPU.Build.0 = Release|Any CPU
	EndGlobalSection
	GlobalSection(SolutionProperties) = preSolution
		HideSolutionNode = FALSE
	EndGlobalSection
	GlobalSection(NestedProjects) = preSolution
		{D4A06F19-E21A-4B48-87E8-D19E80D42493} = {3A0957FD-35F9-4954-AC7F-2D421AE6D5E6}
		{7D4B10D1-39B7-4891-96F2-D5CAEA99D91C} = {615E261F-81F3-4C27-92DE-723057DD8EA5}
		{3A0957FD-35F9-4954-AC7F-2D421AE6D5E6} = {DEB960A9-4299-40C3-8E07-DF1B4A3BE98D}
		{615E261F-81F3-4C27-92DE-723057DD8EA5} = {DEB960A9-4299-40C3-8E07-DF1B4A3BE98D}
		{D343662E-1C54-4A0C-B074-D66818E9C343} = {3A0957FD-35F9-4954-AC7F-2D421AE6D5E6}
		{E1A9497E-5D30-4A8F-8473-CCE1D647DC6D} = {3A0957FD-35F9-4954-AC7F-2D421AE6D5E6}
		{76296A3D-88F8-4EF5-BB2A-59FE93A8104C} = {3A0957FD-35F9-4954-AC7F-2D421AE6D5E6}
		{7F7F02C8-982E-4E99-96E0-00BF14CBCCDC} = {615E261F-81F3-4C27-92DE-723057DD8EA5}
		{4D2E03A6-22F2-4448-A72E-BDB5A8005CFB} = {615E261F-81F3-4C27-92DE-723057DD8EA5}
		{F4E70431-960B-4EC1-8C8A-46F43AA1CA96} = {615E261F-81F3-4C27-92DE-723057DD8EA5}
	EndGlobalSection
	GlobalSection(ExtensibilityGlobals) = postSolution
		SolutionGuid = {6B95072C-8BF9-460D-B229-649F87E4371E}
	EndGlobalSection
EndGlobal
